// !$*UTF8*$!
{
	archiveVersion = 1;
	classes = {
	};
	objectVersion = 46;
	objects = {

/* Begin PBXBuildFile section */
		A7159EBB1621E20F00C69C28 /* camerabutton.png in Resources */ = {isa = PBXBuildFile; fileRef = A7159EBA1621E20F00C69C28 /* camerabutton.png */; };
		A7EE7304161D839300496A0D /* UIKit.framework in Frameworks */ = {isa = PBXBuildFile; fileRef = A7EE7303161D839300496A0D /* UIKit.framework */; };
		A7EE7306161D839300496A0D /* Foundation.framework in Frameworks */ = {isa = PBXBuildFile; fileRef = A7EE7305161D839300496A0D /* Foundation.framework */; };
		A7EE7308161D839300496A0D /* CoreGraphics.framework in Frameworks */ = {isa = PBXBuildFile; fileRef = A7EE7307161D839300496A0D /* CoreGraphics.framework */; };
		A7EE730E161D839300496A0D /* InfoPlist.strings in Resources */ = {isa = PBXBuildFile; fileRef = A7EE730C161D839300496A0D /* InfoPlist.strings */; };
		A7EE7310161D839300496A0D /* main.m in Sources */ = {isa = PBXBuildFile; fileRef = A7EE730F161D839300496A0D /* main.m */; };
		A7EE7314161D839300496A0D /* AppDelegate.m in Sources */ = {isa = PBXBuildFile; fileRef = A7EE7313161D839300496A0D /* AppDelegate.m */; };
		A7EE7316161D839300496A0D /* Default.png in Resources */ = {isa = PBXBuildFile; fileRef = A7EE7315161D839300496A0D /* Default.png */; };
		A7EE7318161D839300496A0D /* Default@2x.png in Resources */ = {isa = PBXBuildFile; fileRef = A7EE7317161D839300496A0D /* Default@2x.png */; };
		A7EE731A161D839300496A0D /* Default-568h@2x.png in Resources */ = {isa = PBXBuildFile; fileRef = A7EE7319161D839300496A0D /* Default-568h@2x.png */; };
		A7EE731D161D839300496A0D /* ViewController.m in Sources */ = {isa = PBXBuildFile; fileRef = A7EE731C161D839300496A0D /* ViewController.m */; };
		A7EE7320161D839300496A0D /* ViewController.xib in Resources */ = {isa = PBXBuildFile; fileRef = A7EE731E161D839300496A0D /* ViewController.xib */; };
		A7EE7327161D83AE00496A0D /* libsqlite3.dylib in Frameworks */ = {isa = PBXBuildFile; fileRef = A7EE7326161D83AE00496A0D /* libsqlite3.dylib */; };
		A7EE7329161D83C100496A0D /* FacebookSDK.framework in Frameworks */ = {isa = PBXBuildFile; fileRef = A7EE7328161D83C100496A0D /* FacebookSDK.framework */; };
		A7EE732B161D844A00496A0D /* Social.framework in Frameworks */ = {isa = PBXBuildFile; fileRef = A7EE732A161D844A00496A0D /* Social.framework */; };
		A7EE7339161D8C8800496A0D /* face.png in Resources */ = {isa = PBXBuildFile; fileRef = A7EE7338161D8C8800496A0D /* face.png */; };
		A7EE7340161D935B00496A0D /* fbbutton.png in Resources */ = {isa = PBXBuildFile; fileRef = A7EE733F161D935B00496A0D /* fbbutton.png */; };
		A7EE7342161D95EB00496A0D /* fblogin.png in Resources */ = {isa = PBXBuildFile; fileRef = A7EE7341161D95EB00496A0D /* fblogin.png */; };
		A7EE7348161D98D500496A0D /* images.jpeg in Resources */ = {isa = PBXBuildFile; fileRef = A7EE7347161D98D500496A0D /* images.jpeg */; };
/* End PBXBuildFile section */

/* Begin PBXFileReference section */
		A7159EBA1621E20F00C69C28 /* camerabutton.png */ = {isa = PBXFileReference; lastKnownFileType = image.png; path = camerabutton.png; sourceTree = "<group>"; };
		A7EE72FF161D839300496A0D /* Facebook2.app */ = {isa = PBXFileReference; explicitFileType = wrapper.application; includeInIndex = 0; path = Facebook2.app; sourceTree = BUILT_PRODUCTS_DIR; };
		A7EE7303161D839300496A0D /* UIKit.framework */ = {isa = PBXFileReference; lastKnownFileType = wrapper.framework; name = UIKit.framework; path = System/Library/Frameworks/UIKit.framework; sourceTree = SDKROOT; };
		A7EE7305161D839300496A0D /* Foundation.framework */ = {isa = PBXFileReference; lastKnownFileType = wrapper.framework; name = Foundation.framework; path = System/Library/Frameworks/Foundation.framework; sourceTree = SDKROOT; };
		A7EE7307161D839300496A0D /* CoreGraphics.framework */ = {isa = PBXFileReference; lastKnownFileType = wrapper.framework; name = CoreGraphics.framework; path = System/Library/Frameworks/CoreGraphics.framework; sourceTree = SDKROOT; };
		A7EE730B161D839300496A0D /* Facebook2-Info.plist */ = {isa = PBXFileReference; lastKnownFileType = text.plist.xml; path = "Facebook2-Info.plist"; sourceTree = "<group>"; };
		A7EE730D161D839300496A0D /* en */ = {isa = PBXFileReference; lastKnownFileType = text.plist.strings; name = en; path = en.lproj/InfoPlist.strings; sourceTree = "<group>"; };
		A7EE730F161D839300496A0D /* main.m */ = {isa = PBXFileReference; lastKnownFileType = sourcecode.c.objc; path = main.m; sourceTree = "<group>"; };
		A7EE7311161D839300496A0D /* Facebook2-Prefix.pch */ = {isa = PBXFileReference; lastKnownFileType = sourcecode.c.h; path = "Facebook2-Prefix.pch"; sourceTree = "<group>"; };
		A7EE7312161D839300496A0D /* AppDelegate.h */ = {isa = PBXFileReference; lastKnownFileType = sourcecode.c.h; path = AppDelegate.h; sourceTree = "<group>"; };
		A7EE7313161D839300496A0D /* AppDelegate.m */ = {isa = PBXFileReference; lastKnownFileType = sourcecode.c.objc; path = AppDelegate.m; sourceTree = "<group>"; };
		A7EE7315161D839300496A0D /* Default.png */ = {isa = PBXFileReference; lastKnownFileType = image.png; path = Default.png; sourceTree = "<group>"; };
		A7EE7317161D839300496A0D /* Default@2x.png */ = {isa = PBXFileReference; lastKnownFileType = image.png; path = "Default@2x.png"; sourceTree = "<group>"; };
		A7EE7319161D839300496A0D /* Default-568h@2x.png */ = {isa = PBXFileReference; lastKnownFileType = image.png; path = "Default-568h@2x.png"; sourceTree = "<group>"; };
		A7EE731B161D839300496A0D /* ViewController.h */ = {isa = PBXFileReference; lastKnownFileType = sourcecode.c.h; path = ViewController.h; sourceTree = "<group>"; };
		A7EE731C161D839300496A0D /* ViewController.m */ = {isa = PBXFileReference; lastKnownFileType = sourcecode.c.objc; path = ViewController.m; sourceTree = "<group>"; };
		A7EE731F161D839300496A0D /* en */ = {isa = PBXFileReference; lastKnownFileType = file.xib; name = en; path = en.lproj/ViewController.xib; sourceTree = "<group>"; };
		A7EE7326161D83AE00496A0D /* libsqlite3.dylib */ = {isa = PBXFileReference; lastKnownFileType = "compiled.mach-o.dylib"; name = libsqlite3.dylib; path = usr/lib/libsqlite3.dylib; sourceTree = SDKROOT; };
		A7EE7328161D83C100496A0D /* FacebookSDK.framework */ = {isa = PBXFileReference; lastKnownFileType = wrapper.framework; path = FacebookSDK.framework; sourceTree = "<group>"; };
		A7EE732A161D844A00496A0D /* Social.framework */ = {isa = PBXFileReference; lastKnownFileType = wrapper.framework; name = Social.framework; path = System/Library/Frameworks/Social.framework; sourceTree = SDKROOT; };
		A7EE7338161D8C8800496A0D /* face.png */ = {isa = PBXFileReference; lastKnownFileType = image.png; path = face.png; sourceTree = "<group>"; };
		A7EE733F161D935B00496A0D /* fbbutton.png */ = {isa = PBXFileReference; lastKnownFileType = image.png; path = fbbutton.png; sourceTree = "<group>"; };
		A7EE7341161D95EB00496A0D /* fblogin.png */ = {isa = PBXFileReference; lastKnownFileType = image.png; path = fblogin.png; sourceTree = "<group>"; };
		A7EE7347161D98D500496A0D /* images.jpeg */ = {isa = PBXFileReference; lastKnownFileType = image.jpeg; path = images.jpeg; sourceTree = "<group>"; };
/* End PBXFileReference section */

/* Begin PBXFrameworksBuildPhase section */
		A7EE72FC161D839300496A0D /* Frameworks */ = {
			isa = PBXFrameworksBuildPhase;
			buildActionMask = 2147483647;
			files = (
				A7EE732B161D844A00496A0D /* Social.framework in Frameworks */,
				A7EE7327161D83AE00496A0D /* libsqlite3.dylib in Frameworks */,
				A7EE7304161D839300496A0D /* UIKit.framework in Frameworks */,
				A7EE7306161D839300496A0D /* Foundation.framework in Frameworks */,
				A7EE7308161D839300496A0D /* CoreGraphics.framework in Frameworks */,
				A7EE7329161D83C100496A0D /* FacebookSDK.framework in Frameworks */,
			);
			runOnlyForDeploymentPostprocessing = 0;
		};
/* End PBXFrameworksBuildPhase section */

/* Begin PBXGroup section */
		A7EE72F4161D839300496A0D = {
			isa = PBXGroup;
			children = (
				A7EE7309161D839300496A0D /* Facebook2 */,
				A7EE7302161D839300496A0D /* Frameworks */,
				A7EE7300161D839300496A0D /* Products */,
			);
			sourceTree = "<group>";
		};
		A7EE7300161D839300496A0D /* Products */ = {
			isa = PBXGroup;
			children = (
				A7EE72FF161D839300496A0D /* Facebook2.app */,
			);
			name = Products;
			sourceTree = "<group>";
		};
		A7EE7302161D839300496A0D /* Frameworks */ = {
			isa = PBXGroup;
			children = (
				A7EE732A161D844A00496A0D /* Social.framework */,
				A7EE7326161D83AE00496A0D /* libsqlite3.dylib */,
				A7EE7328161D83C100496A0D /* FacebookSDK.framework */,
				A7EE7303161D839300496A0D /* UIKit.framework */,
				A7EE7305161D839300496A0D /* Foundation.framework */,
				A7EE7307161D839300496A0D /* CoreGraphics.framework */,
			);
			name = Frameworks;
			sourceTree = "<group>";
		};
		A7EE7309161D839300496A0D /* Facebook2 */ = {
			isa = PBXGroup;
			children = (
				A7EE7312161D839300496A0D /* AppDelegate.h */,
				A7EE7313161D839300496A0D /* AppDelegate.m */,
				A7EE731B161D839300496A0D /* ViewController.h */,
				A7EE731C161D839300496A0D /* ViewController.m */,
				A7EE731E161D839300496A0D /* ViewController.xib */,
				A7EE730A161D839300496A0D /* Supporting Files */,
			);
			path = Facebook2;
			sourceTree = "<group>";
		};
		A7EE730A161D839300496A0D /* Supporting Files */ = {
			isa = PBXGroup;
			children = (
				A7159EBA1621E20F00C69C28 /* camerabutton.png */,
				A7EE7347161D98D500496A0D /* images.jpeg */,
				A7EE7341161D95EB00496A0D /* fblogin.png */,
				A7EE733F161D935B00496A0D /* fbbutton.png */,
				A7EE7338161D8C8800496A0D /* face.png */,
				A7EE730B161D839300496A0D /* Facebook2-Info.plist */,
				A7EE730C161D839300496A0D /* InfoPlist.strings */,
				A7EE730F161D839300496A0D /* main.m */,
				A7EE7311161D839300496A0D /* Facebook2-Prefix.pch */,
				A7EE7315161D839300496A0D /* Default.png */,
				A7EE7317161D839300496A0D /* Default@2x.png */,
				A7EE7319161D839300496A0D /* Default-568h@2x.png */,
			);
			name = "Supporting Files";
			sourceTree = "<group>";
		};
/* End PBXGroup section */

/* Begin PBXNativeTarget section */
		A7EE72FE161D839300496A0D /* Facebook2 */ = {
			isa = PBXNativeTarget;
			buildConfigurationList = A7EE7323161D839300496A0D /* Build configuration list for PBXNativeTarget "Facebook2" */;
			buildPhases = (
				A7EE72FB161D839300496A0D /* Sources */,
				A7EE72FC161D839300496A0D /* Frameworks */,
				A7EE72FD161D839300496A0D /* Resources */,
			);
			buildRules = (
			);
			dependencies = (
			);
			name = Facebook2;
			productName = Facebook2;
			productReference = A7EE72FF161D839300496A0D /* Facebook2.app */;
			productType = "com.apple.product-type.application";
		};
/* End PBXNativeTarget section */

/* Begin PBXProject section */
		A7EE72F6161D839300496A0D /* Project object */ = {
			isa = PBXProject;
			attributes = {
				LastUpgradeCheck = 0450;
				ORGANIZATIONNAME = Nghia;
			};
			buildConfigurationList = A7EE72F9161D839300496A0D /* Build configuration list for PBXProject "Facebook2" */;
			compatibilityVersion = "Xcode 3.2";
			developmentRegion = English;
			hasScannedForEncodings = 0;
			knownRegions = (
				en,
			);
			mainGroup = A7EE72F4161D839300496A0D;
			productRefGroup = A7EE7300161D839300496A0D /* Products */;
			projectDirPath = "";
			projectRoot = "";
			targets = (
				A7EE72FE161D839300496A0D /* Facebook2 */,
			);
		};
/* End PBXProject section */

/* Begin PBXResourcesBuildPhase section */
		A7EE72FD161D839300496A0D /* Resources */ = {
			isa = PBXResourcesBuildPhase;
			buildActionMask = 2147483647;
			files = (
				A7EE730E161D839300496A0D /* InfoPlist.strings in Resources */,
				A7EE7316161D839300496A0D /* Default.png in Resources */,
				A7EE7318161D839300496A0D /* Default@2x.png in Resources */,
				A7EE731A161D839300496A0D /* Default-568h@2x.png in Resources */,
				A7EE7320161D839300496A0D /* ViewController.xib in Resources */,
				A7EE7339161D8C8800496A0D /* face.png in Resources */,
				A7EE7340161D935B00496A0D /* fbbutton.png in Resources */,
				A7EE7342161D95EB00496A0D /* fblogin.png in Resources */,
				A7EE7348161D98D500496A0D /* images.jpeg in Resources */,
				A7159EBB1621E20F00C69C28 /* camerabutton.png in Resources */,
			);
			runOnlyForDeploymentPostprocessing = 0;
		};
/* End PBXResourcesBuildPhase section */

/* Begin PBXSourcesBuildPhase section */
		A7EE72FB161D839300496A0D /* Sources */ = {
			isa = PBXSourcesBuildPhase;
			buildActionMask = 2147483647;
			files = (
				A7EE7310161D839300496A0D /* main.m in Sources */,
				A7EE7314161D839300496A0D /* AppDelegate.m in Sources */,
				A7EE731D161D839300496A0D /* ViewController.m in Sources */,
			);
			runOnlyForDeploymentPostprocessing = 0;
		};
/* End PBXSourcesBuildPhase section */

/* Begin PBXVariantGroup section */
		A7EE730C161D839300496A0D /* InfoPlist.strings */ = {
			isa = PBXVariantGroup;
			children = (
				A7EE730D161D839300496A0D /* en */,
			);
			name = InfoPlist.strings;
			sourceTree = "<group>";
		};
		A7EE731E161D839300496A0D /* ViewController.xib */ = {
			isa = PBXVariantGroup;
			children = (
				A7EE731F161D839300496A0D /* en */,
			);
			name = ViewController.xib;
			sourceTree = "<group>";
		};
/* End PBXVariantGroup section */

/* Begin XCBuildConfiguration section */
		A7EE7321161D839300496A0D /* Debug */ = {
			isa = XCBuildConfiguration;
			buildSettings = {
				ALWAYS_SEARCH_USER_PATHS = NO;
				CLANG_CXX_LANGUAGE_STANDARD = "gnu++0x";
				CLANG_CXX_LIBRARY = "libc++";
				CLANG_WARN_EMPTY_BODY = YES;
				CLANG_WARN__DUPLICATE_METHOD_MATCH = YES;
				"CODE_SIGN_IDENTITY[sdk=iphoneos*]" = "iPhone Developer";
				COPY_PHASE_STRIP = NO;
				GCC_C_LANGUAGE_STANDARD = gnu99;
				GCC_DYNAMIC_NO_PIC = NO;
				GCC_OPTIMIZATION_LEVEL = 0;
				GCC_PREPROCESSOR_DEFINITIONS = (
					"DEBUG=1",
					"$(inherited)",
				);
				GCC_SYMBOLS_PRIVATE_EXTERN = NO;
				GCC_WARN_ABOUT_RETURN_TYPE = YES;
				GCC_WARN_UNINITIALIZED_AUTOS = YES;
				GCC_WARN_UNUSED_VARIABLE = YES;
				IPHONEOS_DEPLOYMENT_TARGET = 6.0;
				SDKROOT = iphoneos;
			};
			name = Debug;
		};
		A7EE7322161D839300496A0D /* Release */ = {
			isa = XCBuildConfiguration;
			buildSettings = {
				ALWAYS_SEARCH_USER_PATHS = NO;
				CLANG_CXX_LANGUAGE_STANDARD = "gnu++0x";
				CLANG_CXX_LIBRARY = "libc++";
				CLANG_WARN_EMPTY_BODY = YES;
				CLANG_WARN__DUPLICATE_METHOD_MATCH = YES;
				"CODE_SIGN_IDENTITY[sdk=iphoneos*]" = "iPhone Developer";
				COPY_PHASE_STRIP = YES;
				GCC_C_LANGUAGE_STANDARD = gnu99;
				GCC_WARN_ABOUT_RETURN_TYPE = YES;
				GCC_WARN_UNINITIALIZED_AUTOS = YES;
				GCC_WARN_UNUSED_VARIABLE = YES;
				IPHONEOS_DEPLOYMENT_TARGET = 6.0;
				OTHER_CFLAGS = "-DNS_BLOCK_ASSERTIONS=1";
				SDKROOT = iphoneos;
				VALIDATE_PRODUCT = YES;
			};
			name = Release;
		};
		A7EE7324161D839300496A0D /* Debug */ = {
			isa = XCBuildConfiguration;
			buildSettings = {
				FRAMEWORK_SEARCH_PATHS = (
					"$(inherited)",
					"\"$(SRCROOT)\"",
				);
				GCC_PRECOMPILE_PREFIX_HEADER = YES;
				GCC_PREFIX_HEADER = "Facebook2/Facebook2-Prefix.pch";
				INFOPLIST_FILE = "Facebook2/Facebook2-Info.plist";
				IPHONEOS_DEPLOYMENT_TARGET = 5.0;
				PRODUCT_NAME = "$(TARGET_NAME)";
				WRAPPER_EXTENSION = app;
			};
			name = Debug;
		};
		A7EE7325161D839300496A0D /* Release */ = {
			isa = XCBuildConfiguration;
			buildSettings = {
				FRAMEWORK_SEARCH_PATHS = (
					"$(inherited)",
					"\"$(SRCROOT)\"",
				);
				GCC_PRECOMPILE_PREFIX_HEADER = YES;
				GCC_PREFIX_HEADER = "Facebook2/Facebook2-Prefix.pch";
				INFOPLIST_FILE = "Facebook2/Facebook2-Info.plist";
				IPHONEOS_DEPLOYMENT_TARGET = 5.0;
				PRODUCT_NAME = "$(TARGET_NAME)";
				WRAPPER_EXTENSION = app;
			};
			name = Release;
		};
/* End XCBuildConfiguration section */

/* Begin XCConfigurationList section */
		A7EE72F9161D839300496A0D /* Build configuration list for PBXProject "Facebook2" */ = {
			isa = XCConfigurationList;
			buildConfigurations = (
				A7EE7321161D839300496A0D /* Debug */,
				A7EE7322161D839300496A0D /* Release */,
			);
			defaultConfigurationIsVisible = 0;
			defaultConfigurationName = Release;
		};
		A7EE7323161D839300496A0D /* Build configuration list for PBXNativeTarget "Facebook2" */ = {
			isa = XCConfigurationList;
			buildConfigurations = (
				A7EE7324161D839300496A0D /* Debug */,
				A7EE7325161D839300496A0D /* Release */,
			);
			defaultConfigurationIsVisible = 0;
			defaultConfigurationName = Release;
		};
/* End XCConfigurationList section */
	};
	rootObject = A7EE72F6161D839300496A0D /* Project object */;
}
